
Microsoft Visual Studio Solution File, Format Version 12.00
# Visual Studio Version 17
VisualStudioVersion = 17.0.31903.59
MinimumVisualStudioVersion = 10.0.40219.1
Project("{2150E333-8FDC-42A3-9474-1A3956D46DE8}") = "src", "src", "{827E0CD3-B72D-47B6-A68D-7590B98EB39B}"
EndProject
Project("{FAE04EC0-301F-11D3-BF4B-00C04F79EFBC}") = "CB_POS.Domain", "src\CB_POS.Domain\CB_POS.Domain.csproj", "{AEC620C4-2BDD-47DA-AE50-96928A6C9BE4}"
EndProject
Project("{FAE04EC0-301F-11D3-BF4B-00C04F79EFBC}") = "CB_POS.Application", "src\CB_POS.Application\CB_POS.Application.csproj", "{A5F7E1B4-EFC5-48EC-92E7-887F1F3562E6}"
EndProject
Project("{FAE04EC0-301F-11D3-BF4B-00C04F79EFBC}") = "CB_POS.Infrastructure", "src\CB_POS.Infrastructure\CB_POS.Infrastructure.csproj", "{BB3A9825-60C7-4634-A061-8C3BFC6CA685}"
EndProject
Project("{FAE04EC0-301F-11D3-BF4B-00C04F79EFBC}") = "CB_POS.Presentation", "src\CB_POS.Presentation\CB_POS.Presentation.csproj", "{1A47DBF1-FAB7-4A73-A2C3-86D35CBA8E2F}"
EndProject
Global
	GlobalSection(SolutionConfigurationPlatforms) = preSolution
		Debug|Any CPU = Debug|Any CPU
		Debug|x64 = Debug|x64
		Debug|x86 = Debug|x86
		Release|Any CPU = Release|Any CPU
		Release|x64 = Release|x64
		Release|x86 = Release|x86
	EndGlobalSection
	GlobalSection(ProjectConfigurationPlatforms) = postSolution
		{AEC620C4-2BDD-47DA-AE50-96928A6C9BE4}.Debug|Any CPU.ActiveCfg = Debug|Any CPU
		{AEC620C4-2BDD-47DA-AE50-96928A6C9BE4}.Debug|Any CPU.Build.0 = Debug|Any CPU
		{AEC620C4-2BDD-47DA-AE50-96928A6C9BE4}.Debug|x64.ActiveCfg = Debug|Any CPU
		{AEC620C4-2BDD-47DA-AE50-96928A6C9BE4}.Debug|x64.Build.0 = Debug|Any CPU
		{AEC620C4-2BDD-47DA-AE50-96928A6C9BE4}.Debug|x86.ActiveCfg = Debug|Any CPU
		{AEC620C4-2BDD-47DA-AE50-96928A6C9BE4}.Debug|x86.Build.0 = Debug|Any CPU
		{AEC620C4-2BDD-47DA-AE50-96928A6C9BE4}.Release|Any CPU.ActiveCfg = Release|Any CPU
		{AEC620C4-2BDD-47DA-AE50-96928A6C9BE4}.Release|Any CPU.Build.0 = Release|Any CPU
		{AEC620C4-2BDD-47DA-AE50-96928A6C9BE4}.Release|x64.ActiveCfg = Release|Any CPU
		{AEC620C4-2BDD-47DA-AE50-96928A6C9BE4}.Release|x64.Build.0 = Release|Any CPU
		{AEC620C4-2BDD-47DA-AE50-96928A6C9BE4}.Release|x86.ActiveCfg = Release|Any CPU
		{AEC620C4-2BDD-47DA-AE50-96928A6C9BE4}.Release|x86.Build.0 = Release|Any CPU
		{A5F7E1B4-EFC5-48EC-92E7-887F1F3562E6}.Debug|Any CPU.ActiveCfg = Debug|Any CPU
		{A5F7E1B4-EFC5-48EC-92E7-887F1F3562E6}.Debug|Any CPU.Build.0 = Debug|Any CPU
		{A5F7E1B4-EFC5-48EC-92E7-887F1F3562E6}.Debug|x64.ActiveCfg = Debug|Any CPU
		{A5F7E1B4-EFC5-48EC-92E7-887F1F3562E6}.Debug|x64.Build.0 = Debug|Any CPU
		{A5F7E1B4-EFC5-48EC-92E7-887F1F3562E6}.Debug|x86.ActiveCfg = Debug|Any CPU
		{A5F7E1B4-EFC5-48EC-92E7-887F1F3562E6}.Debug|x86.Build.0 = Debug|Any CPU
		{A5F7E1B4-EFC5-48EC-92E7-887F1F3562E6}.Release|Any CPU.ActiveCfg = Release|Any CPU
		{A5F7E1B4-EFC5-48EC-92E7-887F1F3562E6}.Release|Any CPU.Build.0 = Release|Any CPU
		{A5F7E1B4-EFC5-48EC-92E7-887F1F3562E6}.Release|x64.ActiveCfg = Release|Any CPU
		{A5F7E1B4-EFC5-48EC-92E7-887F1F3562E6}.Release|x64.Build.0 = Release|Any CPU
		{A5F7E1B4-EFC5-48EC-92E7-887F1F3562E6}.Release|x86.ActiveCfg = Release|Any CPU
		{A5F7E1B4-EFC5-48EC-92E7-887F1F3562E6}.Release|x86.Build.0 = Release|Any CPU
		{BB3A9825-60C7-4634-A061-8C3BFC6CA685}.Debug|Any CPU.ActiveCfg = Debug|Any CPU
		{BB3A9825-60C7-4634-A061-8C3BFC6CA685}.Debug|Any CPU.Build.0 = Debug|Any CPU
		{BB3A9825-60C7-4634-A061-8C3BFC6CA685}.Debug|x64.ActiveCfg = Debug|Any CPU
		{BB3A9825-60C7-4634-A061-8C3BFC6CA685}.Debug|x64.Build.0 = Debug|Any CPU
		{BB3A9825-60C7-4634-A061-8C3BFC6CA685}.Debug|x86.ActiveCfg = Debug|Any CPU
		{BB3A9825-60C7-4634-A061-8C3BFC6CA685}.Debug|x86.Build.0 = Debug|Any CPU
		{BB3A9825-60C7-4634-A061-8C3BFC6CA685}.Release|Any CPU.ActiveCfg = Release|Any CPU
		{BB3A9825-60C7-4634-A061-8C3BFC6CA685}.Release|Any CPU.Build.0 = Release|Any CPU
		{BB3A9825-60C7-4634-A061-8C3BFC6CA685}.Release|x64.ActiveCfg = Release|Any CPU
		{BB3A9825-60C7-4634-A061-8C3BFC6CA685}.Release|x64.Build.0 = Release|Any CPU
		{BB3A9825-60C7-4634-A061-8C3BFC6CA685}.Release|x86.ActiveCfg = Release|Any CPU
		{BB3A9825-60C7-4634-A061-8C3BFC6CA685}.Release|x86.Build.0 = Release|Any CPU
		{1A47DBF1-FAB7-4A73-A2C3-86D35CBA8E2F}.Debug|Any CPU.ActiveCfg = Debug|x86
		{1A47DBF1-FAB7-4A73-A2C3-86D35CBA8E2F}.Debug|Any CPU.Build.0 = Debug|x86
		{1A47DBF1-FAB7-4A73-A2C3-86D35CBA8E2F}.Debug|x64.ActiveCfg = Debug|x64
		{1A47DBF1-FAB7-4A73-A2C3-86D35CBA8E2F}.Debug|x64.Build.0 = Debug|x64
		{1A47DBF1-FAB7-4A73-A2C3-86D35CBA8E2F}.Debug|x86.ActiveCfg = Debug|x86
		{1A47DBF1-FAB7-4A73-A2C3-86D35CBA8E2F}.Debug|x86.Build.0 = Debug|x86
		{1A47DBF1-FAB7-4A73-A2C3-86D35CBA8E2F}.Release|Any CPU.ActiveCfg = Release|x86
		{1A47DBF1-FAB7-4A73-A2C3-86D35CBA8E2F}.Release|Any CPU.Build.0 = Release|x86
		{1A47DBF1-FAB7-4A73-A2C3-86D35CBA8E2F}.Release|x64.ActiveCfg = Release|x64
		{1A47DBF1-FAB7-4A73-A2C3-86D35CBA8E2F}.Release|x64.Build.0 = Release|x64
		{1A47DBF1-FAB7-4A73-A2C3-86D35CBA8E2F}.Release|x86.ActiveCfg = Release|x86
		{1A47DBF1-FAB7-4A73-A2C3-86D35CBA8E2F}.Release|x86.Build.0 = Release|x86
	EndGlobalSection
	GlobalSection(SolutionProperties) = preSolution
		HideSolutionNode = FALSE
	EndGlobalSection
	GlobalSection(NestedProjects) = preSolution
		{AEC620C4-2BDD-47DA-AE50-96928A6C9BE4} = {827E0CD3-B72D-47B6-A68D-7590B98EB39B}
		{A5F7E1B4-EFC5-48EC-92E7-887F1F3562E6} = {827E0CD3-B72D-47B6-A68D-7590B98EB39B}
		{BB3A9825-60C7-4634-A061-8C3BFC6CA685} = {827E0CD3-B72D-47B6-A68D-7590B98EB39B}
		{1A47DBF1-FAB7-4A73-A2C3-86D35CBA8E2F} = {827E0CD3-B72D-47B6-A68D-7590B98EB39B}
	EndGlobalSection
EndGlobal
